
Microsoft Visual Studio Solution File, Format Version 12.00
# Visual Studio Version 17
VisualStudioVersion = 17.0.32112.339
MinimumVisualStudioVersion = 10.0.40219.1
Project("{FAE04EC0-301F-11D3-BF4B-00C04F79EFBC}") = "GlobalKeyHookDemo", "GlobalKeyHookDemo.csproj", "{20F625C5-44CC-4DE8-ACE4-660B8F479A07}"
EndProject
Global
	GlobalSection(SolutionConfigurationPlatforms) = preSolution
		Debug|Any CPU = Debug|Any CPU
		Release|Any CPU = Release|Any CPU
	EndGlobalSection
	GlobalSection(ProjectConfigurationPlatforms) = postSolution
		{20F625C5-44CC-4DE8-ACE4-660B8F479A07}.Debug|Any CPU.ActiveCfg = Debug|Any CPU
		{20F625C5-44CC-4DE8-ACE4-660B8F479A07}.Debug|Any CPU.Build.0 = Debug|Any CPU
		{20F625C5-44CC-4DE8-ACE4-660B8F479A07}.Release|Any CPU.ActiveCfg = Release|Any CPU
		{20F625C5-44CC-4DE8-ACE4-660B8F479A07}.Release|Any CPU.Build.0 = Release|Any CPU
	EndGlobalSection
	GlobalSection(SolutionProperties) = preSolution
		HideSolutionNode = FALSE
	EndGlobalSection
	GlobalSection(ExtensibilityGlobals) = postSolution
		SolutionGuid = {17A4EA25-97E1-40FB-9E83-4C4138277989}
	EndGlobalSection
EndGlobal
